
Microsoft Visual Studio Solution File, Format Version 12.00
# Visual Studio Version 17
VisualStudioVersion = 17.9.34714.143
MinimumVisualStudioVersion = 10.0.40219.1
Project("{FAE04EC0-301F-11D3-BF4B-00C04F79EFBC}") = "Task_Esa", "Task_Esa\Task_Esa.csproj", "{6DC5F2CF-3BC8-470B-B957-450540DFCDC9}"
EndProject
Global
	GlobalSection(SolutionConfigurationPlatforms) = preSolution
		Debug|Any CPU = Debug|Any CPU
		Release|Any CPU = Release|Any CPU
	EndGlobalSection
	GlobalSection(ProjectConfigurationPlatforms) = postSolution
		{6DC5F2CF-3BC8-470B-B957-450540DFCDC9}.Debug|Any CPU.ActiveCfg = Debug|Any CPU
		{6DC5F2CF-3BC8-470B-B957-450540DFCDC9}.Debug|Any CPU.Build.0 = Debug|Any CPU
		{6DC5F2CF-3BC8-470B-B957-450540DFCDC9}.Release|Any CPU.ActiveCfg = Release|Any CPU
		{6DC5F2CF-3BC8-470B-B957-450540DFCDC9}.Release|Any CPU.Build.0 = Release|Any CPU
	EndGlobalSection
	GlobalSection(SolutionProperties) = preSolution
		HideSolutionNode = FALSE
	EndGlobalSection
	GlobalSection(ExtensibilityGlobals) = postSolution
		SolutionGuid = {5E9ADA14-696D-4266-B37C-B0FD2DD924A4}
	EndGlobalSection
EndGlobal
